// !$*UTF8*$!
{
	archiveVersion = 1;
	classes = {
	};
	objectVersion = 50;
	objects = {

/* Begin PBXBuildFile section */
		74665C8120A5D46C00EF23BB /* AppDelegate.swift in Sources */ = {isa = PBXBuildFile; fileRef = 74665C8020A5D46C00EF23BB /* AppDelegate.swift */; };
		74665C8320A5D46C00EF23BB /* GameScene.sks in Resources */ = {isa = PBXBuildFile; fileRef = 74665C8220A5D46C00EF23BB /* GameScene.sks */; };
		74665C8520A5D46C00EF23BB /* Actions.sks in Resources */ = {isa = PBXBuildFile; fileRef = 74665C8420A5D46C00EF23BB /* Actions.sks */; };
		74665C8720A5D46C00EF23BB /* GameScene.swift in Sources */ = {isa = PBXBuildFile; fileRef = 74665C8620A5D46C00EF23BB /* GameScene.swift */; };
		74665C8920A5D46C00EF23BB /* GameViewController.swift in Sources */ = {isa = PBXBuildFile; fileRef = 74665C8820A5D46C00EF23BB /* GameViewController.swift */; };
		74665C8C20A5D46C00EF23BB /* Main.storyboard in Resources */ = {isa = PBXBuildFile; fileRef = 74665C8A20A5D46C00EF23BB /* Main.storyboard */; };
		74665C8E20A5D47200EF23BB /* Assets.xcassets in Resources */ = {isa = PBXBuildFile; fileRef = 74665C8D20A5D47200EF23BB /* Assets.xcassets */; };
		74665C9120A5D47200EF23BB /* LaunchScreen.storyboard in Resources */ = {isa = PBXBuildFile; fileRef = 74665C8F20A5D47200EF23BB /* LaunchScreen.storyboard */; };
		74665C9C20A5D47200EF23BB /* BirdFlyTests.swift in Sources */ = {isa = PBXBuildFile; fileRef = 74665C9B20A5D47200EF23BB /* BirdFlyTests.swift */; };
		74665CA720A5D47200EF23BB /* BirdFlyUITests.swift in Sources */ = {isa = PBXBuildFile; fileRef = 74665CA620A5D47200EF23BB /* BirdFlyUITests.swift */; };
		74665CB520A5E59000EF23BB /* Blackbird-singing-in-the-garden.mp3 in Resources */ = {isa = PBXBuildFile; fileRef = 74665CB420A5E59000EF23BB /* Blackbird-singing-in-the-garden.mp3 */; };
/* End PBXBuildFile section */

/* Begin PBXContainerItemProxy section */
		74665C9820A5D47200EF23BB /* PBXContainerItemProxy */ = {
			isa = PBXContainerItemProxy;
			containerPortal = 74665C7520A5D46C00EF23BB /* Project object */;
			proxyType = 1;
			remoteGlobalIDString = 74665C7C20A5D46C00EF23BB;
			remoteInfo = BirdFly;
		};
		74665CA320A5D47200EF23BB /* PBXContainerItemProxy */ = {
			isa = PBXContainerItemProxy;
			containerPortal = 74665C7520A5D46C00EF23BB /* Project object */;
			proxyType = 1;
			remoteGlobalIDString = 74665C7C20A5D46C00EF23BB;
			remoteInfo = BirdFly;
		};
/* End PBXContainerItemProxy section */

/* Begin PBXFileReference section */
		74665C7D20A5D46C00EF23BB /* BirdFly.app */ = {isa = PBXFileReference; explicitFileType = wrapper.application; includeInIndex = 0; path = BirdFly.app; sourceTree = BUILT_PRODUCTS_DIR; };
		74665C8020A5D46C00EF23BB /* AppDelegate.swift */ = {isa = PBXFileReference; lastKnownFileType = sourcecode.swift; path = AppDelegate.swift; sourceTree = "<group>"; };
		74665C8220A5D46C00EF23BB /* GameScene.sks */ = {isa = PBXFileReference; lastKnownFileType = file.sks; path = GameScene.sks; sourceTree = "<group>"; };
		74665C8420A5D46C00EF23BB /* Actions.sks */ = {isa = PBXFileReference; lastKnownFileType = file.sks; path = Actions.sks; sourceTree = "<group>"; };
		74665C8620A5D46C00EF23BB /* GameScene.swift */ = {isa = PBXFileReference; lastKnownFileType = sourcecode.swift; path = GameScene.swift; sourceTree = "<group>"; };
		74665C8820A5D46C00EF23BB /* GameViewController.swift */ = {isa = PBXFileReference; lastKnownFileType = sourcecode.swift; path = GameViewController.swift; sourceTree = "<group>"; };
		74665C8B20A5D46C00EF23BB /* Base */ = {isa = PBXFileReference; lastKnownFileType = file.storyboard; name = Base; path = Base.lproj/Main.storyboard; sourceTree = "<group>"; };
		74665C8D20A5D47200EF23BB /* Assets.xcassets */ = {isa = PBXFileReference; lastKnownFileType = folder.assetcatalog; path = Assets.xcassets; sourceTree = "<group>"; };
		74665C9020A5D47200EF23BB /* Base */ = {isa = PBXFileReference; lastKnownFileType = file.storyboard; name = Base; path = Base.lproj/LaunchScreen.storyboard; sourceTree = "<group>"; };
		74665C9220A5D47200EF23BB /* Info.plist */ = {isa = PBXFileReference; lastKnownFileType = text.plist.xml; path = Info.plist; sourceTree = "<group>"; };
		74665C9720A5D47200EF23BB /* BirdFlyTests.xctest */ = {isa = PBXFileReference; explicitFileType = wrapper.cfbundle; includeInIndex = 0; path = BirdFlyTests.xctest; sourceTree = BUILT_PRODUCTS_DIR; };
		74665C9B20A5D47200EF23BB /* BirdFlyTests.swift */ = {isa = PBXFileReference; lastKnownFileType = sourcecode.swift; path = BirdFlyTests.swift; sourceTree = "<group>"; };
		74665C9D20A5D47200EF23BB /* Info.plist */ = {isa = PBXFileReference; lastKnownFileType = text.plist.xml; path = Info.plist; sourceTree = "<group>"; };
		74665CA220A5D47200EF23BB /* BirdFlyUITests.xctest */ = {isa = PBXFileReference; explicitFileType = wrapper.cfbundle; includeInIndex = 0; path = BirdFlyUITests.xctest; sourceTree = BUILT_PRODUCTS_DIR; };
		74665CA620A5D47200EF23BB /* BirdFlyUITests.swift */ = {isa = PBXFileReference; lastKnownFileType = sourcecode.swift; path = BirdFlyUITests.swift; sourceTree = "<group>"; };
		74665CA820A5D47200EF23BB /* Info.plist */ = {isa = PBXFileReference; lastKnownFileType = text.plist.xml; path = Info.plist; sourceTree = "<group>"; };
		74665CB420A5E59000EF23BB /* Blackbird-singing-in-the-garden.mp3 */ = {isa = PBXFileReference; lastKnownFileType = audio.mp3; path = "Blackbird-singing-in-the-garden.mp3"; sourceTree = "<group>"; };
/* End PBXFileReference section */

/* Begin PBXFrameworksBuildPhase section */
		74665C7A20A5D46C00EF23BB /* Frameworks */ = {
			isa = PBXFrameworksBuildPhase;
			buildActionMask = 2147483647;
			files = (
			);
			runOnlyForDeploymentPostprocessing = 0;
		};
		74665C9420A5D47200EF23BB /* Frameworks */ = {
			isa = PBXFrameworksBuildPhase;
			buildActionMask = 2147483647;
			files = (
			);
			runOnlyForDeploymentPostprocessing = 0;
		};
		74665C9F20A5D47200EF23BB /* Frameworks */ = {
			isa = PBXFrameworksBuildPhase;
			buildActionMask = 2147483647;
			files = (
			);
			runOnlyForDeploymentPostprocessing = 0;
		};
/* End PBXFrameworksBuildPhase section */

/* Begin PBXGroup section */
		74665C7420A5D46C00EF23BB = {
			isa = PBXGroup;
			children = (
				74665C7F20A5D46C00EF23BB /* BirdFly */,
				74665C9A20A5D47200EF23BB /* BirdFlyTests */,
				74665CA520A5D47200EF23BB /* BirdFlyUITests */,
				74665C7E20A5D46C00EF23BB /* Products */,
			);
			sourceTree = "<group>";
		};
		74665C7E20A5D46C00EF23BB /* Products */ = {
			isa = PBXGroup;
			children = (
				74665C7D20A5D46C00EF23BB /* BirdFly.app */,
				74665C9720A5D47200EF23BB /* BirdFlyTests.xctest */,
				74665CA220A5D47200EF23BB /* BirdFlyUITests.xctest */,
			);
			name = Products;
			sourceTree = "<group>";
		};
		74665C7F20A5D46C00EF23BB /* BirdFly */ = {
			isa = PBXGroup;
			children = (
				74665CB420A5E59000EF23BB /* Blackbird-singing-in-the-garden.mp3 */,
				74665C8020A5D46C00EF23BB /* AppDelegate.swift */,
				74665C8220A5D46C00EF23BB /* GameScene.sks */,
				74665C8420A5D46C00EF23BB /* Actions.sks */,
				74665C8620A5D46C00EF23BB /* GameScene.swift */,
				74665C8820A5D46C00EF23BB /* GameViewController.swift */,
				74665C8A20A5D46C00EF23BB /* Main.storyboard */,
				74665C8D20A5D47200EF23BB /* Assets.xcassets */,
				74665C8F20A5D47200EF23BB /* LaunchScreen.storyboard */,
				74665C9220A5D47200EF23BB /* Info.plist */,
			);
			path = BirdFly;
			sourceTree = "<group>";
		};
		74665C9A20A5D47200EF23BB /* BirdFlyTests */ = {
			isa = PBXGroup;
			children = (
				74665C9B20A5D47200EF23BB /* BirdFlyTests.swift */,
				74665C9D20A5D47200EF23BB /* Info.plist */,
			);
			path = BirdFlyTests;
			sourceTree = "<group>";
		};
		74665CA520A5D47200EF23BB /* BirdFlyUITests */ = {
			isa = PBXGroup;
			children = (
				74665CA620A5D47200EF23BB /* BirdFlyUITests.swift */,
				74665CA820A5D47200EF23BB /* Info.plist */,
			);
			path = BirdFlyUITests;
			sourceTree = "<group>";
		};
/* End PBXGroup section */

/* Begin PBXNativeTarget section */
		74665C7C20A5D46C00EF23BB /* BirdFly */ = {
			isa = PBXNativeTarget;
			buildConfigurationList = 74665CAB20A5D47200EF23BB /* Build configuration list for PBXNativeTarget "BirdFly" */;
			buildPhases = (
				74665C7920A5D46C00EF23BB /* Sources */,
				74665C7A20A5D46C00EF23BB /* Frameworks */,
				74665C7B20A5D46C00EF23BB /* Resources */,
			);
			buildRules = (
			);
			dependencies = (
			);
			name = BirdFly;
			productName = BirdFly;
			productReference = 74665C7D20A5D46C00EF23BB /* BirdFly.app */;
			productType = "com.apple.product-type.application";
		};
		74665C9620A5D47200EF23BB /* BirdFlyTests */ = {
			isa = PBXNativeTarget;
			buildConfigurationList = 74665CAE20A5D47200EF23BB /* Build configuration list for PBXNativeTarget "BirdFlyTests" */;
			buildPhases = (
				74665C9320A5D47200EF23BB /* Sources */,
				74665C9420A5D47200EF23BB /* Frameworks */,
				74665C9520A5D47200EF23BB /* Resources */,
			);
			buildRules = (
			);
			dependencies = (
				74665C9920A5D47200EF23BB /* PBXTargetDependency */,
			);
			name = BirdFlyTests;
			productName = BirdFlyTests;
			productReference = 74665C9720A5D47200EF23BB /* BirdFlyTests.xctest */;
			productType = "com.apple.product-type.bundle.unit-test";
		};
		74665CA120A5D47200EF23BB /* BirdFlyUITests */ = {
			isa = PBXNativeTarget;
			buildConfigurationList = 74665CB120A5D47200EF23BB /* Build configuration list for PBXNativeTarget "BirdFlyUITests" */;
			buildPhases = (
				74665C9E20A5D47200EF23BB /* Sources */,
				74665C9F20A5D47200EF23BB /* Frameworks */,
				74665CA020A5D47200EF23BB /* Resources */,
			);
			buildRules = (
			);
			dependencies = (
				74665CA420A5D47200EF23BB /* PBXTargetDependency */,
			);
			name = BirdFlyUITests;
			productName = BirdFlyUITests;
			productReference = 74665CA220A5D47200EF23BB /* BirdFlyUITests.xctest */;
			productType = "com.apple.product-type.bundle.ui-testing";
		};
/* End PBXNativeTarget section */

/* Begin PBXProject section */
		74665C7520A5D46C00EF23BB /* Project object */ = {
			isa = PBXProject;
			attributes = {
				LastSwiftUpdateCheck = 0930;
				LastUpgradeCheck = 0930;
				ORGANIZATIONNAME = "SHUBHAM GARG";
				TargetAttributes = {
					74665C7C20A5D46C00EF23BB = {
						CreatedOnToolsVersion = 9.3;
					};
					74665C9620A5D47200EF23BB = {
						CreatedOnToolsVersion = 9.3;
						TestTargetID = 74665C7C20A5D46C00EF23BB;
					};
					74665CA120A5D47200EF23BB = {
						CreatedOnToolsVersion = 9.3;
						TestTargetID = 74665C7C20A5D46C00EF23BB;
					};
				};
			};
			buildConfigurationList = 74665C7820A5D46C00EF23BB /* Build configuration list for PBXProject "BirdFly" */;
			compatibilityVersion = "Xcode 9.3";
			developmentRegion = en;
			hasScannedForEncodings = 0;
			knownRegions = (
				en,
				Base,
			);
			mainGroup = 74665C7420A5D46C00EF23BB;
			productRefGroup = 74665C7E20A5D46C00EF23BB /* Products */;
			projectDirPath = "";
			projectRoot = "";
			targets = (
				74665C7C20A5D46C00EF23BB /* BirdFly */,
				74665C9620A5D47200EF23BB /* BirdFlyTests */,
				74665CA120A5D47200EF23BB /* BirdFlyUITests */,
			);
		};
/* End PBXProject section */

/* Begin PBXResourcesBuildPhase section */
		74665C7B20A5D46C00EF23BB /* Resources */ = {
			isa = PBXResourcesBuildPhase;
			buildActionMask = 2147483647;
			files = (
				74665C8C20A5D46C00EF23BB /* Main.storyboard in Resources */,
				74665C8320A5D46C00EF23BB /* GameScene.sks in Resources */,
				74665C8E20A5D47200EF23BB /* Assets.xcassets in Resources */,
				74665C9120A5D47200EF23BB /* LaunchScreen.storyboard in Resources */,
				74665C8520A5D46C00EF23BB /* Actions.sks in Resources */,
				74665CB520A5E59000EF23BB /* Blackbird-singing-in-the-garden.mp3 in Resources */,
			);
			runOnlyForDeploymentPostprocessing = 0;
		};
		74665C9520A5D47200EF23BB /* Resources */ = {
			isa = PBXResourcesBuildPhase;
			buildActionMask = 2147483647;
			files = (
			);
			runOnlyForDeploymentPostprocessing = 0;
		};
		74665CA020A5D47200EF23BB /* Resources */ = {
			isa = PBXResourcesBuildPhase;
			buildActionMask = 2147483647;
			files = (
			);
			runOnlyForDeploymentPostprocessing = 0;
		};
/* End PBXResourcesBuildPhase section */

/* Begin PBXSourcesBuildPhase section */
		74665C7920A5D46C00EF23BB /* Sources */ = {
			isa = PBXSourcesBuildPhase;
			buildActionMask = 2147483647;
			files = (
				74665C8720A5D46C00EF23BB /* GameScene.swift in Sources */,
				74665C8920A5D46C00EF23BB /* GameViewController.swift in Sources */,
				74665C8120A5D46C00EF23BB /* AppDelegate.swift in Sources */,
			);
			runOnlyForDeploymentPostprocessing = 0;
		};
		74665C9320A5D47200EF23BB /* Sources */ = {
			isa = PBXSourcesBuildPhase;
			buildActionMask = 2147483647;
			files = (
				74665C9C20A5D47200EF23BB /* BirdFlyTests.swift in Sources */,
			);
			runOnlyForDeploymentPostprocessing = 0;
		};
		74665C9E20A5D47200EF23BB /* Sources */ = {
			isa = PBXSourcesBuildPhase;
			buildActionMask = 2147483647;
			files = (
				74665CA720A5D47200EF23BB /* BirdFlyUITests.swift in Sources */,
			);
			runOnlyForDeploymentPostprocessing = 0;
		};
/* End PBXSourcesBuildPhase section */

/* Begin PBXTargetDependency section */
		74665C9920A5D47200EF23BB /* PBXTargetDependency */ = {
			isa = PBXTargetDependency;
			target = 74665C7C20A5D46C00EF23BB /* BirdFly */;
			targetProxy = 74665C9820A5D47200EF23BB /* PBXContainerItemProxy */;
		};
		74665CA420A5D47200EF23BB /* PBXTargetDependency */ = {
			isa = PBXTargetDependency;
			target = 74665C7C20A5D46C00EF23BB /* BirdFly */;
			targetProxy = 74665CA320A5D47200EF23BB /* PBXContainerItemProxy */;
		};
/* End PBXTargetDependency section */

/* Begin PBXVariantGroup section */
		74665C8A20A5D46C00EF23BB /* Main.storyboard */ = {
			isa = PBXVariantGroup;
			children = (
				74665C8B20A5D46C00EF23BB /* Base */,
			);
			name = Main.storyboard;
			sourceTree = "<group>";
		};
		74665C8F20A5D47200EF23BB /* LaunchScreen.storyboard */ = {
			isa = PBXVariantGroup;
			children = (
				74665C9020A5D47200EF23BB /* Base */,
			);
			name = LaunchScreen.storyboard;
			sourceTree = "<group>";
		};
/* End PBXVariantGroup section */

/* Begin XCBuildConfiguration section */
		74665CA920A5D47200EF23BB /* Debug */ = {
			isa = XCBuildConfiguration;
			buildSettings = {
				ALWAYS_SEARCH_USER_PATHS = NO;
				CLANG_ANALYZER_NONNULL = YES;
				CLANG_ANALYZER_NUMBER_OBJECT_CONVERSION = YES_AGGRESSIVE;
				CLANG_CXX_LANGUAGE_STANDARD = "gnu++14";
				CLANG_CXX_LIBRARY = "libc++";
				CLANG_ENABLE_MODULES = YES;
				CLANG_ENABLE_OBJC_ARC = YES;
				CLANG_ENABLE_OBJC_WEAK = YES;
				CLANG_WARN_BLOCK_CAPTURE_AUTORELEASING = YES;
				CLANG_WARN_BOOL_CONVERSION = YES;
				CLANG_WARN_COMMA = YES;
				CLANG_WARN_CONSTANT_CONVERSION = YES;
				CLANG_WARN_DEPRECATED_OBJC_IMPLEMENTATIONS = YES;
				CLANG_WARN_DIRECT_OBJC_ISA_USAGE = YES_ERROR;
				CLANG_WARN_DOCUMENTATION_COMMENTS = YES;
				CLANG_WARN_EMPTY_BODY = YES;
				CLANG_WARN_ENUM_CONVERSION = YES;
				CLANG_WARN_INFINITE_RECURSION = YES;
				CLANG_WARN_INT_CONVERSION = YES;
				CLANG_WARN_NON_LITERAL_NULL_CONVERSION = YES;
				CLANG_WARN_OBJC_IMPLICIT_RETAIN_SELF = YES;
				CLANG_WARN_OBJC_LITERAL_CONVERSION = YES;
				CLANG_WARN_OBJC_ROOT_CLASS = YES_ERROR;
				CLANG_WARN_RANGE_LOOP_ANALYSIS = YES;
				CLANG_WARN_STRICT_PROTOTYPES = YES;
				CLANG_WARN_SUSPICIOUS_MOVE = YES;
				CLANG_WARN_UNGUARDED_AVAILABILITY = YES_AGGRESSIVE;
				CLANG_WARN_UNREACHABLE_CODE = YES;
				CLANG_WARN__DUPLICATE_METHOD_MATCH = YES;
				CODE_SIGN_IDENTITY = "iPhone Developer";
				COPY_PHASE_STRIP = NO;
				DEBUG_INFORMATION_FORMAT = dwarf;
				ENABLE_STRICT_OBJC_MSGSEND = YES;
				ENABLE_TESTABILITY = YES;
				GCC_C_LANGUAGE_STANDARD = gnu11;
				GCC_DYNAMIC_NO_PIC = NO;
				GCC_NO_COMMON_BLOCKS = YES;
				GCC_OPTIMIZATION_LEVEL = 0;
				GCC_PREPROCESSOR_DEFINITIONS = (
					"DEBUG=1",
					"$(inherited)",
				);
				GCC_WARN_64_TO_32_BIT_CONVERSION = YES;
				GCC_WARN_ABOUT_RETURN_TYPE = YES_ERROR;
				GCC_WARN_UNDECLARED_SELECTOR = YES;
				GCC_WARN_UNINITIALIZED_AUTOS = YES_AGGRESSIVE;
				GCC_WARN_UNUSED_FUNCTION = YES;
				GCC_WARN_UNUSED_VARIABLE = YES;
				IPHONEOS_DEPLOYMENT_TARGET = 11.3;
				MTL_ENABLE_DEBUG_INFO = YES;
				ONLY_ACTIVE_ARCH = YES;
				SDKROOT = iphoneos;
				SWIFT_ACTIVE_COMPILATION_CONDITIONS = DEBUG;
				SWIFT_OPTIMIZATION_LEVEL = "-Onone";
			};
			name = Debug;
		};
		74665CAA20A5D47200EF23BB /* Release */ = {
			isa = XCBuildConfiguration;
			buildSettings = {
				ALWAYS_SEARCH_USER_PATHS = NO;
				CLANG_ANALYZER_NONNULL = YES;
				CLANG_ANALYZER_NUMBER_OBJECT_CONVERSION = YES_AGGRESSIVE;
				CLANG_CXX_LANGUAGE_STANDARD = "gnu++14";
				CLANG_CXX_LIBRARY = "libc++";
				CLANG_ENABLE_MODULES = YES;
				CLANG_ENABLE_OBJC_ARC = YES;
				CLANG_ENABLE_OBJC_WEAK = YES;
				CLANG_WARN_BLOCK_CAPTURE_AUTORELEASING = YES;
				CLANG_WARN_BOOL_CONVERSION = YES;
				CLANG_WARN_COMMA = YES;
				CLANG_WARN_CONSTANT_CONVERSION = YES;
				CLANG_WARN_DEPRECATED_OBJC_IMPLEMENTATIONS = YES;
				CLANG_WARN_DIRECT_OBJC_ISA_USAGE = YES_ERROR;
				CLANG_WARN_DOCUMENTATION_COMMENTS = YES;
				CLANG_WARN_EMPTY_BODY = YES;
				CLANG_WARN_ENUM_CONVERSION = YES;
				CLANG_WARN_INFINITE_RECURSION = YES;
				CLANG_WARN_INT_CONVERSION = YES;
				CLANG_WARN_NON_LITERAL_NULL_CONVERSION = YES;
				CLANG_WARN_OBJC_IMPLICIT_RETAIN_SELF = YES;
				CLANG_WARN_OBJC_LITERAL_CONVERSION = YES;
				CLANG_WARN_OBJC_ROOT_CLASS = YES_ERROR;
				CLANG_WARN_RANGE_LOOP_ANALYSIS = YES;
				CLANG_WARN_STRICT_PROTOTYPES = YES;
				CLANG_WARN_SUSPICIOUS_MOVE = YES;
				CLANG_WARN_UNGUARDED_AVAILABILITY = YES_AGGRESSIVE;
				CLANG_WARN_UNREACHABLE_CODE = YES;
				CLANG_WARN__DUPLICATE_METHOD_MATCH = YES;
				CODE_SIGN_IDENTITY = "iPhone Developer";
				COPY_PHASE_STRIP = NO;
				DEBUG_INFORMATION_FORMAT = "dwarf-with-dsym";
				ENABLE_NS_ASSERTIONS = NO;
				ENABLE_STRICT_OBJC_MSGSEND = YES;
				GCC_C_LANGUAGE_STANDARD = gnu11;
				GCC_NO_COMMON_BLOCKS = YES;
				GCC_WARN_64_TO_32_BIT_CONVERSION = YES;
				GCC_WARN_ABOUT_RETURN_TYPE = YES_ERROR;
				GCC_WARN_UNDECLARED_SELECTOR = YES;
				GCC_WARN_UNINITIALIZED_AUTOS = YES_AGGRESSIVE;
				GCC_WARN_UNUSED_FUNCTION = YES;
				GCC_WARN_UNUSED_VARIABLE = YES;
				IPHONEOS_DEPLOYMENT_TARGET = 11.3;
				MTL_ENABLE_DEBUG_INFO = NO;
				SDKROOT = iphoneos;
				SWIFT_COMPILATION_MODE = wholemodule;
				SWIFT_OPTIMIZATION_LEVEL = "-O";
				VALIDATE_PRODUCT = YES;
			};
			name = Release;
		};
		74665CAC20A5D47200EF23BB /* Debug */ = {
			isa = XCBuildConfiguration;
			buildSettings = {
				ASSETCATALOG_COMPILER_APPICON_NAME = AppIcon;
				CODE_SIGN_STYLE = Automatic;
				INFOPLIST_FILE = BirdFly/Info.plist;
				LD_RUNPATH_SEARCH_PATHS = (
					"$(inherited)",
					"@executable_path/Frameworks",
				);
				PRODUCT_BUNDLE_IDENTIFIER = com.shubham.BirdFly;
				PRODUCT_NAME = "$(TARGET_NAME)";
				SWIFT_VERSION = 4.0;
				TARGETED_DEVICE_FAMILY = "1,2";
			};
			name = Debug;
		};
		74665CAD20A5D47200EF23BB /* Release */ = {
			isa = XCBuildConfiguration;
			buildSettings = {
				ASSETCATALOG_COMPILER_APPICON_NAME = AppIcon;
				CODE_SIGN_STYLE = Automatic;
				INFOPLIST_FILE = BirdFly/Info.plist;
				LD_RUNPATH_SEARCH_PATHS = (
					"$(inherited)",
					"@executable_path/Frameworks",
				);
				PRODUCT_BUNDLE_IDENTIFIER = com.shubham.BirdFly;
				PRODUCT_NAME = "$(TARGET_NAME)";
				SWIFT_VERSION = 4.0;
				TARGETED_DEVICE_FAMILY = "1,2";
			};
			name = Release;
		};
		74665CAF20A5D47200EF23BB /* Debug */ = {
			isa = XCBuildConfiguration;
			buildSettings = {
				ALWAYS_EMBED_SWIFT_STANDARD_LIBRARIES = YES;
				BUNDLE_LOADER = "$(TEST_HOST)";
				CODE_SIGN_STYLE = Automatic;
				INFOPLIST_FILE = BirdFlyTests/Info.plist;
				LD_RUNPATH_SEARCH_PATHS = (
					"$(inherited)",
					"@executable_path/Frameworks",
					"@loader_path/Frameworks",
				);
				PRODUCT_BUNDLE_IDENTIFIER = com.shubham.BirdFlyTests;
				PRODUCT_NAME = "$(TARGET_NAME)";
				SWIFT_VERSION = 4.0;
				TARGETED_DEVICE_FAMILY = "1,2";
				TEST_HOST = "$(BUILT_PRODUCTS_DIR)/BirdFly.app/BirdFly";
			};
			name = Debug;
		};
		74665CB020A5D47200EF23BB /* Release */ = {
			isa = XCBuildConfiguration;
			buildSettings = {
				ALWAYS_EMBED_SWIFT_STANDARD_LIBRARIES = YES;
				BUNDLE_LOADER = "$(TEST_HOST)";
				CODE_SIGN_STYLE = Automatic;
				INFOPLIST_FILE = BirdFlyTests/Info.plist;
				LD_RUNPATH_SEARCH_PATHS = (
					"$(inherited)",
					"@executable_path/Frameworks",
					"@loader_path/Frameworks",
				);
				PRODUCT_BUNDLE_IDENTIFIER = com.shubham.BirdFlyTests;
				PRODUCT_NAME = "$(TARGET_NAME)";
				SWIFT_VERSION = 4.0;
				TARGETED_DEVICE_FAMILY = "1,2";
				TEST_HOST = "$(BUILT_PRODUCTS_DIR)/BirdFly.app/BirdFly";
			};
			name = Release;
		};
		74665CB220A5D47200EF23BB /* Debug */ = {
			isa = XCBuildConfiguration;
			buildSettings = {
				ALWAYS_EMBED_SWIFT_STANDARD_LIBRARIES = YES;
				CODE_SIGN_STYLE = Automatic;
				INFOPLIST_FILE = BirdFlyUITests/Info.plist;
				LD_RUNPATH_SEARCH_PATHS = (
					"$(inherited)",
					"@executable_path/Frameworks",
					"@loader_path/Frameworks",
				);
				PRODUCT_BUNDLE_IDENTIFIER = com.shubham.BirdFlyUITests;
				PRODUCT_NAME = "$(TARGET_NAME)";
				SWIFT_VERSION = 4.0;
				TARGETED_DEVICE_FAMILY = "1,2";
				TEST_TARGET_NAME = BirdFly;
			};
			name = Debug;
		};
		74665CB320A5D47200EF23BB /* Release */ = {
			isa = XCBuildConfiguration;
			buildSettings = {
				ALWAYS_EMBED_SWIFT_STANDARD_LIBRARIES = YES;
				CODE_SIGN_STYLE = Automatic;
				INFOPLIST_FILE = BirdFlyUITests/Info.plist;
				LD_RUNPATH_SEARCH_PATHS = (
					"$(inherited)",
					"@executable_path/Frameworks",
					"@loader_path/Frameworks",
				);
				PRODUCT_BUNDLE_IDENTIFIER = com.shubham.BirdFlyUITests;
				PRODUCT_NAME = "$(TARGET_NAME)";
				SWIFT_VERSION = 4.0;
				TARGETED_DEVICE_FAMILY = "1,2";
				TEST_TARGET_NAME = BirdFly;
			};
			name = Release;
		};
/* End XCBuildConfiguration section */

/* Begin XCConfigurationList section */
		74665C7820A5D46C00EF23BB /* Build configuration list for PBXProject "BirdFly" */ = {
			isa = XCConfigurationList;
			buildConfigurations = (
				74665CA920A5D47200EF23BB /* Debug */,
				74665CAA20A5D47200EF23BB /* Release */,
			);
			defaultConfigurationIsVisible = 0;
			defaultConfigurationName = Release;
		};
		74665CAB20A5D47200EF23BB /* Build configuration list for PBXNativeTarget "BirdFly" */ = {
			isa = XCConfigurationList;
			buildConfigurations = (
				74665CAC20A5D47200EF23BB /* Debug */,
				74665CAD20A5D47200EF23BB /* Release */,
			);
			defaultConfigurationIsVisible = 0;
			defaultConfigurationName = Release;
		};
		74665CAE20A5D47200EF23BB /* Build configuration list for PBXNativeTarget "BirdFlyTests" */ = {
			isa = XCConfigurationList;
			buildConfigurations = (
				74665CAF20A5D47200EF23BB /* Debug */,
				74665CB020A5D47200EF23BB /* Release */,
			);
			defaultConfigurationIsVisible = 0;
			defaultConfigurationName = Release;
		};
		74665CB120A5D47200EF23BB /* Build configuration list for PBXNativeTarget "BirdFlyUITests" */ = {
			isa = XCConfigurationList;
			buildConfigurations = (
				74665CB220A5D47200EF23BB /* Debug */,
				74665CB320A5D47200EF23BB /* Release */,
			);
			defaultConfigurationIsVisible = 0;
			defaultConfigurationName = Release;
		};
/* End XCConfigurationList section */
	};
	rootObject = 74665C7520A5D46C00EF23BB /* Project object */;
}
